
Microsoft Visual Studio Solution File, Format Version 12.00
# Visual Studio Version 17
VisualStudioVersion = 17.7.34018.315
MinimumVisualStudioVersion = 10.0.40219.1
Project("{9A19103F-16F7-4668-BE54-9A1E7A4F7556}") = "WPFUI", "WPFUI\WPFUI.csproj", "{15628640-C893-4EB7-A115-D5841E1A821F}"
EndProject
Project("{9A19103F-16F7-4668-BE54-9A1E7A4F7556}") = "MainCore", "MainCore\MainCore.csproj", "{C7A7FD14-E885-4515-9E75-C0B4098A319A}"
EndProject
Project("{9A19103F-16F7-4668-BE54-9A1E7A4F7556}") = "LoginCore", "LoginCore\LoginCore.csproj", "{17021447-FF30-416B-8725-D54698D963A9}"
EndProject
Project("{9A19103F-16F7-4668-BE54-9A1E7A4F7556}") = "UpdateCore", "UpdateCore\UpdateCore.csproj", "{A88A6FD7-83E5-458E-929E-9DE506B2D542}"
EndProject
Project("{9A19103F-16F7-4668-BE54-9A1E7A4F7556}") = "TestProject", "TestProject\TestProject.csproj", "{1623D327-D6F1-4B11-95C2-B60623A070F8}"
EndProject
Project("{9A19103F-16F7-4668-BE54-9A1E7A4F7556}") = "NavigateCore", "NavigateCore\NavigateCore.csproj", "{C388DADC-4016-4FB7-9B92-2341216ED518}"
EndProject
Project("{FAE04EC0-301F-11D3-BF4B-00C04F79EFBC}") = "UpgradeBuildingCore", "UpgradeBuildingCore\UpgradeBuildingCore.csproj", "{1FA975BF-EDF7-4BFC-9FBA-BAE265A50A52}"
EndProject
Global
	GlobalSection(SolutionConfigurationPlatforms) = preSolution
		Debug|Any CPU = Debug|Any CPU
		Release|Any CPU = Release|Any CPU
	EndGlobalSection
	GlobalSection(ProjectConfigurationPlatforms) = postSolution
		{15628640-C893-4EB7-A115-D5841E1A821F}.Debug|Any CPU.ActiveCfg = Debug|Any CPU
		{15628640-C893-4EB7-A115-D5841E1A821F}.Debug|Any CPU.Build.0 = Debug|Any CPU
		{15628640-C893-4EB7-A115-D5841E1A821F}.Release|Any CPU.ActiveCfg = Release|Any CPU
		{15628640-C893-4EB7-A115-D5841E1A821F}.Release|Any CPU.Build.0 = Release|Any CPU
		{C7A7FD14-E885-4515-9E75-C0B4098A319A}.Debug|Any CPU.ActiveCfg = Debug|Any CPU
		{C7A7FD14-E885-4515-9E75-C0B4098A319A}.Debug|Any CPU.Build.0 = Debug|Any CPU
		{C7A7FD14-E885-4515-9E75-C0B4098A319A}.Release|Any CPU.ActiveCfg = Release|Any CPU
		{C7A7FD14-E885-4515-9E75-C0B4098A319A}.Release|Any CPU.Build.0 = Release|Any CPU
		{17021447-FF30-416B-8725-D54698D963A9}.Debug|Any CPU.ActiveCfg = Debug|Any CPU
		{17021447-FF30-416B-8725-D54698D963A9}.Debug|Any CPU.Build.0 = Debug|Any CPU
		{17021447-FF30-416B-8725-D54698D963A9}.Release|Any CPU.ActiveCfg = Release|Any CPU
		{17021447-FF30-416B-8725-D54698D963A9}.Release|Any CPU.Build.0 = Release|Any CPU
		{A88A6FD7-83E5-458E-929E-9DE506B2D542}.Debug|Any CPU.ActiveCfg = Debug|Any CPU
		{A88A6FD7-83E5-458E-929E-9DE506B2D542}.Debug|Any CPU.Build.0 = Debug|Any CPU
		{A88A6FD7-83E5-458E-929E-9DE506B2D542}.Release|Any CPU.ActiveCfg = Release|Any CPU
		{A88A6FD7-83E5-458E-929E-9DE506B2D542}.Release|Any CPU.Build.0 = Release|Any CPU
		{1623D327-D6F1-4B11-95C2-B60623A070F8}.Debug|Any CPU.ActiveCfg = Debug|Any CPU
		{1623D327-D6F1-4B11-95C2-B60623A070F8}.Debug|Any CPU.Build.0 = Debug|Any CPU
		{1623D327-D6F1-4B11-95C2-B60623A070F8}.Release|Any CPU.ActiveCfg = Release|Any CPU
		{1623D327-D6F1-4B11-95C2-B60623A070F8}.Release|Any CPU.Build.0 = Release|Any CPU
		{C388DADC-4016-4FB7-9B92-2341216ED518}.Debug|Any CPU.ActiveCfg = Debug|Any CPU
		{C388DADC-4016-4FB7-9B92-2341216ED518}.Debug|Any CPU.Build.0 = Debug|Any CPU
		{C388DADC-4016-4FB7-9B92-2341216ED518}.Release|Any CPU.ActiveCfg = Release|Any CPU
		{C388DADC-4016-4FB7-9B92-2341216ED518}.Release|Any CPU.Build.0 = Release|Any CPU
		{1FA975BF-EDF7-4BFC-9FBA-BAE265A50A52}.Debug|Any CPU.ActiveCfg = Debug|Any CPU
		{1FA975BF-EDF7-4BFC-9FBA-BAE265A50A52}.Debug|Any CPU.Build.0 = Debug|Any CPU
		{1FA975BF-EDF7-4BFC-9FBA-BAE265A50A52}.Release|Any CPU.ActiveCfg = Release|Any CPU
		{1FA975BF-EDF7-4BFC-9FBA-BAE265A50A52}.Release|Any CPU.Build.0 = Release|Any CPU
	EndGlobalSection
	GlobalSection(SolutionProperties) = preSolution
		HideSolutionNode = FALSE
	EndGlobalSection
	GlobalSection(ExtensibilityGlobals) = postSolution
		SolutionGuid = {575AF1BA-5D90-4138-AF1C-0A4591583852}
	EndGlobalSection
EndGlobal
